// !$*UTF8*$!
{
	archiveVersion = 1;
	classes = {
	};
	objectVersion = 55;
	objects = {

/* Begin PBXBuildFile section */
		41C49313288B3D760080C97B /* AppDelegate.swift in Sources */ = {isa = PBXBuildFile; fileRef = 41C49312288B3D760080C97B /* AppDelegate.swift */; };
		41C49315288B3D760080C97B /* SceneDelegate.swift in Sources */ = {isa = PBXBuildFile; fileRef = 41C49314288B3D760080C97B /* SceneDelegate.swift */; };
		41C4931C288B3D760080C97B /* Assets.xcassets in Resources */ = {isa = PBXBuildFile; fileRef = 41C4931B288B3D760080C97B /* Assets.xcassets */; };
		41C4931F288B3D760080C97B /* LaunchScreen.storyboard in Resources */ = {isa = PBXBuildFile; fileRef = 41C4931D288B3D760080C97B /* LaunchScreen.storyboard */; };
		41C49338288B3D930080C97B /* ApiManager.swift in Sources */ = {isa = PBXBuildFile; fileRef = 41C49327288B3D930080C97B /* ApiManager.swift */; };
		41C49339288B3D930080C97B /* BaseService.swift in Sources */ = {isa = PBXBuildFile; fileRef = 41C49329288B3D930080C97B /* BaseService.swift */; };
		41C4933A288B3D930080C97B /* UsersViewController.swift in Sources */ = {isa = PBXBuildFile; fileRef = 41C4932C288B3D930080C97B /* UsersViewController.swift */; };
		41C4933B288B3D930080C97B /* UsersInteractor.swift in Sources */ = {isa = PBXBuildFile; fileRef = 41C4932D288B3D930080C97B /* UsersInteractor.swift */; };
		41C4933C288B3D930080C97B /* UsersModels.swift in Sources */ = {isa = PBXBuildFile; fileRef = 41C4932E288B3D930080C97B /* UsersModels.swift */; };
		41C4933D288B3D930080C97B /* UsersWorker.swift in Sources */ = {isa = PBXBuildFile; fileRef = 41C4932F288B3D930080C97B /* UsersWorker.swift */; };
		41C4933E288B3D930080C97B /* UsersRouter.swift in Sources */ = {isa = PBXBuildFile; fileRef = 41C49330288B3D930080C97B /* UsersRouter.swift */; };
		41C4933F288B3D930080C97B /* UsersPresenter.swift in Sources */ = {isa = PBXBuildFile; fileRef = 41C49331288B3D930080C97B /* UsersPresenter.swift */; };
		41C49340288B3D930080C97B /* Users.storyboard in Resources */ = {isa = PBXBuildFile; fileRef = 41C49332288B3D930080C97B /* Users.storyboard */; };
		41C49341288B3D930080C97B /* UserTableViewCell.swift in Sources */ = {isa = PBXBuildFile; fileRef = 41C49334288B3D930080C97B /* UserTableViewCell.swift */; };
		41C49342288B3D930080C97B /* UserTableViewCell.xib in Resources */ = {isa = PBXBuildFile; fileRef = 41C49335288B3D930080C97B /* UserTableViewCell.xib */; };
		41C49343288B3D930080C97B /* UsersResponseModel.swift in Sources */ = {isa = PBXBuildFile; fileRef = 41C49337288B3D930080C97B /* UsersResponseModel.swift */; };
		41C49346288B3DC40080C97B /* Alamofire in Frameworks */ = {isa = PBXBuildFile; productRef = 41C49345288B3DC40080C97B /* Alamofire */; };
		41C49349288B3DD20080C97B /* SDWebImage in Frameworks */ = {isa = PBXBuildFile; productRef = 41C49348288B3DD20080C97B /* SDWebImage */; };
/* End PBXBuildFile section */

/* Begin PBXFileReference section */
		41C4930F288B3D760080C97B /* CombineWithCleanSwift.app */ = {isa = PBXFileReference; explicitFileType = wrapper.application; includeInIndex = 0; path = CombineWithCleanSwift.app; sourceTree = BUILT_PRODUCTS_DIR; };
		41C49312288B3D760080C97B /* AppDelegate.swift */ = {isa = PBXFileReference; lastKnownFileType = sourcecode.swift; path = AppDelegate.swift; sourceTree = "<group>"; };
		41C49314288B3D760080C97B /* SceneDelegate.swift */ = {isa = PBXFileReference; lastKnownFileType = sourcecode.swift; path = SceneDelegate.swift; sourceTree = "<group>"; };
		41C4931B288B3D760080C97B /* Assets.xcassets */ = {isa = PBXFileReference; lastKnownFileType = folder.assetcatalog; path = Assets.xcassets; sourceTree = "<group>"; };
		41C4931E288B3D760080C97B /* Base */ = {isa = PBXFileReference; lastKnownFileType = file.storyboard; name = Base; path = Base.lproj/LaunchScreen.storyboard; sourceTree = "<group>"; };
		41C49320288B3D760080C97B /* Info.plist */ = {isa = PBXFileReference; lastKnownFileType = text.plist.xml; path = Info.plist; sourceTree = "<group>"; };
		41C49327288B3D930080C97B /* ApiManager.swift */ = {isa = PBXFileReference; fileEncoding = 4; lastKnownFileType = sourcecode.swift; path = ApiManager.swift; sourceTree = "<group>"; };
		41C49329288B3D930080C97B /* BaseService.swift */ = {isa = PBXFileReference; fileEncoding = 4; lastKnownFileType = sourcecode.swift; path = BaseService.swift; sourceTree = "<group>"; };
		41C4932C288B3D930080C97B /* UsersViewController.swift */ = {isa = PBXFileReference; fileEncoding = 4; lastKnownFileType = sourcecode.swift; path = UsersViewController.swift; sourceTree = "<group>"; };
		41C4932D288B3D930080C97B /* UsersInteractor.swift */ = {isa = PBXFileReference; fileEncoding = 4; lastKnownFileType = sourcecode.swift; path = UsersInteractor.swift; sourceTree = "<group>"; };
		41C4932E288B3D930080C97B /* UsersModels.swift */ = {isa = PBXFileReference; fileEncoding = 4; lastKnownFileType = sourcecode.swift; path = UsersModels.swift; sourceTree = "<group>"; };
		41C4932F288B3D930080C97B /* UsersWorker.swift */ = {isa = PBXFileReference; fileEncoding = 4; lastKnownFileType = sourcecode.swift; path = UsersWorker.swift; sourceTree = "<group>"; };
		41C49330288B3D930080C97B /* UsersRouter.swift */ = {isa = PBXFileReference; fileEncoding = 4; lastKnownFileType = sourcecode.swift; path = UsersRouter.swift; sourceTree = "<group>"; };
		41C49331288B3D930080C97B /* UsersPresenter.swift */ = {isa = PBXFileReference; fileEncoding = 4; lastKnownFileType = sourcecode.swift; path = UsersPresenter.swift; sourceTree = "<group>"; };
		41C49332288B3D930080C97B /* Users.storyboard */ = {isa = PBXFileReference; fileEncoding = 4; lastKnownFileType = file.storyboard; path = Users.storyboard; sourceTree = "<group>"; };
		41C49334288B3D930080C97B /* UserTableViewCell.swift */ = {isa = PBXFileReference; fileEncoding = 4; lastKnownFileType = sourcecode.swift; path = UserTableViewCell.swift; sourceTree = "<group>"; };
		41C49335288B3D930080C97B /* UserTableViewCell.xib */ = {isa = PBXFileReference; fileEncoding = 4; lastKnownFileType = file.xib; path = UserTableViewCell.xib; sourceTree = "<group>"; };
		41C49337288B3D930080C97B /* UsersResponseModel.swift */ = {isa = PBXFileReference; fileEncoding = 4; lastKnownFileType = sourcecode.swift; path = UsersResponseModel.swift; sourceTree = "<group>"; };
/* End PBXFileReference section */

/* Begin PBXFrameworksBuildPhase section */
		41C4930C288B3D760080C97B /* Frameworks */ = {
			isa = PBXFrameworksBuildPhase;
			buildActionMask = 2147483647;
			files = (
				41C49349288B3DD20080C97B /* SDWebImage in Frameworks */,
				41C49346288B3DC40080C97B /* Alamofire in Frameworks */,
			);
			runOnlyForDeploymentPostprocessing = 0;
		};
/* End PBXFrameworksBuildPhase section */

/* Begin PBXGroup section */
		41C49306288B3D760080C97B = {
			isa = PBXGroup;
			children = (
				41C49311288B3D760080C97B /* CombineWithCleanSwift */,
				41C49310288B3D760080C97B /* Products */,
			);
			sourceTree = "<group>";
		};
		41C49310288B3D760080C97B /* Products */ = {
			isa = PBXGroup;
			children = (
				41C4930F288B3D760080C97B /* CombineWithCleanSwift.app */,
			);
			name = Products;
			sourceTree = "<group>";
		};
		41C49311288B3D760080C97B /* CombineWithCleanSwift */ = {
			isa = PBXGroup;
			children = (
				41C49336288B3D930080C97B /* Models */,
				41C49326288B3D930080C97B /* Network */,
				41C4932A288B3D930080C97B /* Scenes */,
				41C49328288B3D930080C97B /* Service */,
				41C49312288B3D760080C97B /* AppDelegate.swift */,
				41C49314288B3D760080C97B /* SceneDelegate.swift */,
				41C4931B288B3D760080C97B /* Assets.xcassets */,
				41C4931D288B3D760080C97B /* LaunchScreen.storyboard */,
				41C49320288B3D760080C97B /* Info.plist */,
			);
			path = CombineWithCleanSwift;
			sourceTree = "<group>";
		};
		41C49326288B3D930080C97B /* Network */ = {
			isa = PBXGroup;
			children = (
				41C49327288B3D930080C97B /* ApiManager.swift */,
			);
			path = Network;
			sourceTree = "<group>";
		};
		41C49328288B3D930080C97B /* Service */ = {
			isa = PBXGroup;
			children = (
				41C49329288B3D930080C97B /* BaseService.swift */,
			);
			path = Service;
			sourceTree = "<group>";
		};
		41C4932A288B3D930080C97B /* Scenes */ = {
			isa = PBXGroup;
			children = (
				41C4932B288B3D930080C97B /* Users */,
			);
			path = Scenes;
			sourceTree = "<group>";
		};
		41C4932B288B3D930080C97B /* Users */ = {
			isa = PBXGroup;
			children = (
				41C4932C288B3D930080C97B /* UsersViewController.swift */,
				41C4932D288B3D930080C97B /* UsersInteractor.swift */,
				41C4932E288B3D930080C97B /* UsersModels.swift */,
				41C4932F288B3D930080C97B /* UsersWorker.swift */,
				41C49330288B3D930080C97B /* UsersRouter.swift */,
				41C49331288B3D930080C97B /* UsersPresenter.swift */,
				41C49332288B3D930080C97B /* Users.storyboard */,
				41C49333288B3D930080C97B /* Views */,
			);
			path = Users;
			sourceTree = "<group>";
		};
		41C49333288B3D930080C97B /* Views */ = {
			isa = PBXGroup;
			children = (
				41C49334288B3D930080C97B /* UserTableViewCell.swift */,
				41C49335288B3D930080C97B /* UserTableViewCell.xib */,
			);
			path = Views;
			sourceTree = "<group>";
		};
		41C49336288B3D930080C97B /* Models */ = {
			isa = PBXGroup;
			children = (
				41C49337288B3D930080C97B /* UsersResponseModel.swift */,
			);
			path = Models;
			sourceTree = "<group>";
		};
/* End PBXGroup section */

/* Begin PBXNativeTarget section */
		41C4930E288B3D760080C97B /* CombineWithCleanSwift */ = {
			isa = PBXNativeTarget;
			buildConfigurationList = 41C49323288B3D760080C97B /* Build configuration list for PBXNativeTarget "CombineWithCleanSwift" */;
			buildPhases = (
				41C4930B288B3D760080C97B /* Sources */,
				41C4930C288B3D760080C97B /* Frameworks */,
				41C4930D288B3D760080C97B /* Resources */,
			);
			buildRules = (
			);
			dependencies = (
			);
			name = CombineWithCleanSwift;
			packageProductDependencies = (
				41C49345288B3DC40080C97B /* Alamofire */,
				41C49348288B3DD20080C97B /* SDWebImage */,
			);
			productName = CombineWithCleanSwift;
			productReference = 41C4930F288B3D760080C97B /* CombineWithCleanSwift.app */;
			productType = "com.apple.product-type.application";
		};
/* End PBXNativeTarget section */

/* Begin PBXProject section */
		41C49307288B3D760080C97B /* Project object */ = {
			isa = PBXProject;
			attributes = {
				BuildIndependentTargetsInParallel = 1;
				LastSwiftUpdateCheck = 1340;
				LastUpgradeCheck = 1340;
				TargetAttributes = {
					41C4930E288B3D760080C97B = {
						CreatedOnToolsVersion = 13.4;
					};
				};
			};
			buildConfigurationList = 41C4930A288B3D760080C97B /* Build configuration list for PBXProject "CombineWithCleanSwift" */;
			compatibilityVersion = "Xcode 13.0";
			developmentRegion = en;
			hasScannedForEncodings = 0;
			knownRegions = (
				en,
				Base,
			);
			mainGroup = 41C49306288B3D760080C97B;
			packageReferences = (
				41C49344288B3DC40080C97B /* XCRemoteSwiftPackageReference "Alamofire" */,
				41C49347288B3DD20080C97B /* XCRemoteSwiftPackageReference "SDWebImage" */,
			);
			productRefGroup = 41C49310288B3D760080C97B /* Products */;
			projectDirPath = "";
			projectRoot = "";
			targets = (
				41C4930E288B3D760080C97B /* CombineWithCleanSwift */,
			);
		};
/* End PBXProject section */

/* Begin PBXResourcesBuildPhase section */
		41C4930D288B3D760080C97B /* Resources */ = {
			isa = PBXResourcesBuildPhase;
			buildActionMask = 2147483647;
			files = (
				41C4931F288B3D760080C97B /* LaunchScreen.storyboard in Resources */,
				41C49340288B3D930080C97B /* Users.storyboard in Resources */,
				41C4931C288B3D760080C97B /* Assets.xcassets in Resources */,
				41C49342288B3D930080C97B /* UserTableViewCell.xib in Resources */,
			);
			runOnlyForDeploymentPostprocessing = 0;
		};
/* End PBXResourcesBuildPhase section */

/* Begin PBXSourcesBuildPhase section */
		41C4930B288B3D760080C97B /* Sources */ = {
			isa = PBXSourcesBuildPhase;
			buildActionMask = 2147483647;
			files = (
				41C4933B288B3D930080C97B /* UsersInteractor.swift in Sources */,
				41C49338288B3D930080C97B /* ApiManager.swift in Sources */,
				41C4933F288B3D930080C97B /* UsersPresenter.swift in Sources */,
				41C4933C288B3D930080C97B /* UsersModels.swift in Sources */,
				41C49341288B3D930080C97B /* UserTableViewCell.swift in Sources */,
				41C4933E288B3D930080C97B /* UsersRouter.swift in Sources */,
				41C49343288B3D930080C97B /* UsersResponseModel.swift in Sources */,
				41C4933A288B3D930080C97B /* UsersViewController.swift in Sources */,
				41C4933D288B3D930080C97B /* UsersWorker.swift in Sources */,
				41C49313288B3D760080C97B /* AppDelegate.swift in Sources */,
				41C49339288B3D930080C97B /* BaseService.swift in Sources */,
				41C49315288B3D760080C97B /* SceneDelegate.swift in Sources */,
			);
			runOnlyForDeploymentPostprocessing = 0;
		};
/* End PBXSourcesBuildPhase section */

/* Begin PBXVariantGroup section */
		41C4931D288B3D760080C97B /* LaunchScreen.storyboard */ = {
			isa = PBXVariantGroup;
			children = (
				41C4931E288B3D760080C97B /* Base */,
			);
			name = LaunchScreen.storyboard;
			sourceTree = "<group>";
		};
/* End PBXVariantGroup section */

/* Begin XCBuildConfiguration section */
		41C49321288B3D760080C97B /* Debug */ = {
			isa = XCBuildConfiguration;
			buildSettings = {
				ALWAYS_SEARCH_USER_PATHS = NO;
				CLANG_ANALYZER_NONNULL = YES;
				CLANG_ANALYZER_NUMBER_OBJECT_CONVERSION = YES_AGGRESSIVE;
				CLANG_CXX_LANGUAGE_STANDARD = "gnu++17";
				CLANG_ENABLE_MODULES = YES;
				CLANG_ENABLE_OBJC_ARC = YES;
				CLANG_ENABLE_OBJC_WEAK = YES;
				CLANG_WARN_BLOCK_CAPTURE_AUTORELEASING = YES;
				CLANG_WARN_BOOL_CONVERSION = YES;
				CLANG_WARN_COMMA = YES;
				CLANG_WARN_CONSTANT_CONVERSION = YES;
				CLANG_WARN_DEPRECATED_OBJC_IMPLEMENTATIONS = YES;
				CLANG_WARN_DIRECT_OBJC_ISA_USAGE = YES_ERROR;
				CLANG_WARN_DOCUMENTATION_COMMENTS = YES;
				CLANG_WARN_EMPTY_BODY = YES;
				CLANG_WARN_ENUM_CONVERSION = YES;
				CLANG_WARN_INFINITE_RECURSION = YES;
				CLANG_WARN_INT_CONVERSION = YES;
				CLANG_WARN_NON_LITERAL_NULL_CONVERSION = YES;
				CLANG_WARN_OBJC_IMPLICIT_RETAIN_SELF = YES;
				CLANG_WARN_OBJC_LITERAL_CONVERSION = YES;
				CLANG_WARN_OBJC_ROOT_CLASS = YES_ERROR;
				CLANG_WARN_QUOTED_INCLUDE_IN_FRAMEWORK_HEADER = YES;
				CLANG_WARN_RANGE_LOOP_ANALYSIS = YES;
				CLANG_WARN_STRICT_PROTOTYPES = YES;
				CLANG_WARN_SUSPICIOUS_MOVE = YES;
				CLANG_WARN_UNGUARDED_AVAILABILITY = YES_AGGRESSIVE;
				CLANG_WARN_UNREACHABLE_CODE = YES;
				CLANG_WARN__DUPLICATE_METHOD_MATCH = YES;
				COPY_PHASE_STRIP = NO;
				DEBUG_INFORMATION_FORMAT = dwarf;
				ENABLE_STRICT_OBJC_MSGSEND = YES;
				ENABLE_TESTABILITY = YES;
				GCC_C_LANGUAGE_STANDARD = gnu11;
				GCC_DYNAMIC_NO_PIC = NO;
				GCC_NO_COMMON_BLOCKS = YES;
				GCC_OPTIMIZATION_LEVEL = 0;
				GCC_PREPROCESSOR_DEFINITIONS = (
					"DEBUG=1",
					"$(inherited)",
				);
				GCC_WARN_64_TO_32_BIT_CONVERSION = YES;
				GCC_WARN_ABOUT_RETURN_TYPE = YES_ERROR;
				GCC_WARN_UNDECLARED_SELECTOR = YES;
				GCC_WARN_UNINITIALIZED_AUTOS = YES_AGGRESSIVE;
				GCC_WARN_UNUSED_FUNCTION = YES;
				GCC_WARN_UNUSED_VARIABLE = YES;
				IPHONEOS_DEPLOYMENT_TARGET = 15.5;
				MTL_ENABLE_DEBUG_INFO = INCLUDE_SOURCE;
				MTL_FAST_MATH = YES;
				ONLY_ACTIVE_ARCH = YES;
				SDKROOT = iphoneos;
				SWIFT_ACTIVE_COMPILATION_CONDITIONS = DEBUG;
				SWIFT_OPTIMIZATION_LEVEL = "-Onone";
			};
			name = Debug;
		};
		41C49322288B3D760080C97B /* Release */ = {
			isa = XCBuildConfiguration;
			buildSettings = {
				ALWAYS_SEARCH_USER_PATHS = NO;
				CLANG_ANALYZER_NONNULL = YES;
				CLANG_ANALYZER_NUMBER_OBJECT_CONVERSION = YES_AGGRESSIVE;
				CLANG_CXX_LANGUAGE_STANDARD = "gnu++17";
				CLANG_ENABLE_MODULES = YES;
				CLANG_ENABLE_OBJC_ARC = YES;
				CLANG_ENABLE_OBJC_WEAK = YES;
				CLANG_WARN_BLOCK_CAPTURE_AUTORELEASING = YES;
				CLANG_WARN_BOOL_CONVERSION = YES;
				CLANG_WARN_COMMA = YES;
				CLANG_WARN_CONSTANT_CONVERSION = YES;
				CLANG_WARN_DEPRECATED_OBJC_IMPLEMENTATIONS = YES;
				CLANG_WARN_DIRECT_OBJC_ISA_USAGE = YES_ERROR;
				CLANG_WARN_DOCUMENTATION_COMMENTS = YES;
				CLANG_WARN_EMPTY_BODY = YES;
				CLANG_WARN_ENUM_CONVERSION = YES;
				CLANG_WARN_INFINITE_RECURSION = YES;
				CLANG_WARN_INT_CONVERSION = YES;
				CLANG_WARN_NON_LITERAL_NULL_CONVERSION = YES;
				CLANG_WARN_OBJC_IMPLICIT_RETAIN_SELF = YES;
				CLANG_WARN_OBJC_LITERAL_CONVERSION = YES;
				CLANG_WARN_OBJC_ROOT_CLASS = YES_ERROR;
				CLANG_WARN_QUOTED_INCLUDE_IN_FRAMEWORK_HEADER = YES;
				CLANG_WARN_RANGE_LOOP_ANALYSIS = YES;
				CLANG_WARN_STRICT_PROTOTYPES = YES;
				CLANG_WARN_SUSPICIOUS_MOVE = YES;
				CLANG_WARN_UNGUARDED_AVAILABILITY = YES_AGGRESSIVE;
				CLANG_WARN_UNREACHABLE_CODE = YES;
				CLANG_WARN__DUPLICATE_METHOD_MATCH = YES;
				COPY_PHASE_STRIP = NO;
				DEBUG_INFORMATION_FORMAT = "dwarf-with-dsym";
				ENABLE_NS_ASSERTIONS = NO;
				ENABLE_STRICT_OBJC_MSGSEND = YES;
				GCC_C_LANGUAGE_STANDARD = gnu11;
				GCC_NO_COMMON_BLOCKS = YES;
				GCC_WARN_64_TO_32_BIT_CONVERSION = YES;
				GCC_WARN_ABOUT_RETURN_TYPE = YES_ERROR;
				GCC_WARN_UNDECLARED_SELECTOR = YES;
				GCC_WARN_UNINITIALIZED_AUTOS = YES_AGGRESSIVE;
				GCC_WARN_UNUSED_FUNCTION = YES;
				GCC_WARN_UNUSED_VARIABLE = YES;
				IPHONEOS_DEPLOYMENT_TARGET = 15.5;
				MTL_ENABLE_DEBUG_INFO = NO;
				MTL_FAST_MATH = YES;
				SDKROOT = iphoneos;
				SWIFT_COMPILATION_MODE = wholemodule;
				SWIFT_OPTIMIZATION_LEVEL = "-O";
				VALIDATE_PRODUCT = YES;
			};
			name = Release;
		};
		41C49324288B3D760080C97B /* Debug */ = {
			isa = XCBuildConfiguration;
			buildSettings = {
				ASSETCATALOG_COMPILER_APPICON_NAME = AppIcon;
				ASSETCATALOG_COMPILER_GLOBAL_ACCENT_COLOR_NAME = AccentColor;
				CODE_SIGN_STYLE = Automatic;
				CURRENT_PROJECT_VERSION = 1;
				DEVELOPMENT_TEAM = C88MVV9486;
				GENERATE_INFOPLIST_FILE = YES;
				INFOPLIST_FILE = CombineWithCleanSwift/Info.plist;
				INFOPLIST_KEY_UIApplicationSupportsIndirectInputEvents = YES;
				INFOPLIST_KEY_UILaunchStoryboardName = LaunchScreen;
				INFOPLIST_KEY_UIMainStoryboardFile = Users;
				INFOPLIST_KEY_UISupportedInterfaceOrientations_iPad = "UIInterfaceOrientationPortrait UIInterfaceOrientationPortraitUpsideDown UIInterfaceOrientationLandscapeLeft UIInterfaceOrientationLandscapeRight";
				INFOPLIST_KEY_UISupportedInterfaceOrientations_iPhone = "UIInterfaceOrientationPortrait UIInterfaceOrientationLandscapeLeft UIInterfaceOrientationLandscapeRight";
				LD_RUNPATH_SEARCH_PATHS = (
					"$(inherited)",
					"@executable_path/Frameworks",
				);
				MARKETING_VERSION = 1.0;
				PRODUCT_BUNDLE_IDENTIFIER = com.kodworks.CombineWithCleanSwift;
				PRODUCT_NAME = "$(TARGET_NAME)";
				SWIFT_EMIT_LOC_STRINGS = YES;
				SWIFT_VERSION = 5.0;
				TARGETED_DEVICE_FAMILY = "1,2";
			};
			name = Debug;
		};
		41C49325288B3D760080C97B /* Release */ = {
			isa = XCBuildConfiguration;
			buildSettings = {
				ASSETCATALOG_COMPILER_APPICON_NAME = AppIcon;
				ASSETCATALOG_COMPILER_GLOBAL_ACCENT_COLOR_NAME = AccentColor;
				CODE_SIGN_STYLE = Automatic;
				CURRENT_PROJECT_VERSION = 1;
				DEVELOPMENT_TEAM = C88MVV9486;
				GENERATE_INFOPLIST_FILE = YES;
				INFOPLIST_FILE = CombineWithCleanSwift/Info.plist;
				INFOPLIST_KEY_UIApplicationSupportsIndirectInputEvents = YES;
				INFOPLIST_KEY_UILaunchStoryboardName = LaunchScreen;
				INFOPLIST_KEY_UIMainStoryboardFile = Users;
				INFOPLIST_KEY_UISupportedInterfaceOrientations_iPad = "UIInterfaceOrientationPortrait UIInterfaceOrientationPortraitUpsideDown UIInterfaceOrientationLandscapeLeft UIInterfaceOrientationLandscapeRight";
				INFOPLIST_KEY_UISupportedInterfaceOrientations_iPhone = "UIInterfaceOrientationPortrait UIInterfaceOrientationLandscapeLeft UIInterfaceOrientationLandscapeRight";
				LD_RUNPATH_SEARCH_PATHS = (
					"$(inherited)",
					"@executable_path/Frameworks",
				);
				MARKETING_VERSION = 1.0;
				PRODUCT_BUNDLE_IDENTIFIER = com.kodworks.CombineWithCleanSwift;
				PRODUCT_NAME = "$(TARGET_NAME)";
				SWIFT_EMIT_LOC_STRINGS = YES;
				SWIFT_VERSION = 5.0;
				TARGETED_DEVICE_FAMILY = "1,2";
			};
			name = Release;
		};
/* End XCBuildConfiguration section */

/* Begin XCConfigurationList section */
		41C4930A288B3D760080C97B /* Build configuration list for PBXProject "CombineWithCleanSwift" */ = {
			isa = XCConfigurationList;
			buildConfigurations = (
				41C49321288B3D760080C97B /* Debug */,
				41C49322288B3D760080C97B /* Release */,
			);
			defaultConfigurationIsVisible = 0;
			defaultConfigurationName = Release;
		};
		41C49323288B3D760080C97B /* Build configuration list for PBXNativeTarget "CombineWithCleanSwift" */ = {
			isa = XCConfigurationList;
			buildConfigurations = (
				41C49324288B3D760080C97B /* Debug */,
				41C49325288B3D760080C97B /* Release */,
			);
			defaultConfigurationIsVisible = 0;
			defaultConfigurationName = Release;
		};
/* End XCConfigurationList section */

/* Begin XCRemoteSwiftPackageReference section */
		41C49344288B3DC40080C97B /* XCRemoteSwiftPackageReference "Alamofire" */ = {
			isa = XCRemoteSwiftPackageReference;
			repositoryURL = "https://github.com/Alamofire/Alamofire";
			requirement = {
				kind = upToNextMajorVersion;
				minimumVersion = 5.0.0;
			};
		};
		41C49347288B3DD20080C97B /* XCRemoteSwiftPackageReference "SDWebImage" */ = {
			isa = XCRemoteSwiftPackageReference;
			repositoryURL = "https://github.com/SDWebImage/SDWebImage";
			requirement = {
				branch = master;
				kind = branch;
			};
		};
/* End XCRemoteSwiftPackageReference section */

/* Begin XCSwiftPackageProductDependency section */
		41C49345288B3DC40080C97B /* Alamofire */ = {
			isa = XCSwiftPackageProductDependency;
			package = 41C49344288B3DC40080C97B /* XCRemoteSwiftPackageReference "Alamofire" */;
			productName = Alamofire;
		};
		41C49348288B3DD20080C97B /* SDWebImage */ = {
			isa = XCSwiftPackageProductDependency;
			package = 41C49347288B3DD20080C97B /* XCRemoteSwiftPackageReference "SDWebImage" */;
			productName = SDWebImage;
		};
/* End XCSwiftPackageProductDependency section */
	};
	rootObject = 41C49307288B3D760080C97B /* Project object */;
}
